
Microsoft Visual Studio Solution File, Format Version 12.00
# Visual Studio Version 16
VisualStudioVersion = 16.0.30516.212
MinimumVisualStudioVersion = 10.0.40219.1
Project("{FAE04EC0-301F-11D3-BF4B-00C04F79EFBC}") = "API", "API\API.csproj", "{0BCB59F1-9063-474C-93CD-C301C43B4CB6}"
EndProject
Global
	GlobalSection(SolutionConfigurationPlatforms) = preSolution
		Debug|Any CPU = Debug|Any CPU
		Release|Any CPU = Release|Any CPU
	EndGlobalSection
	GlobalSection(ProjectConfigurationPlatforms) = postSolution
		{0BCB59F1-9063-474C-93CD-C301C43B4CB6}.Debug|Any CPU.ActiveCfg = Debug|Any CPU
		{0BCB59F1-9063-474C-93CD-C301C43B4CB6}.Debug|Any CPU.Build.0 = Debug|Any CPU
		{0BCB59F1-9063-474C-93CD-C301C43B4CB6}.Release|Any CPU.ActiveCfg = Release|Any CPU
		{0BCB59F1-9063-474C-93CD-C301C43B4CB6}.Release|Any CPU.Build.0 = Release|Any CPU
	EndGlobalSection
	GlobalSection(SolutionProperties) = preSolution
		HideSolutionNode = FALSE
	EndGlobalSection
	GlobalSection(ExtensibilityGlobals) = postSolution
		SolutionGuid = {3EDB4596-7753-4580-A6EA-5D5EF8E2CF68}
	EndGlobalSection
EndGlobal
